
Microsoft Visual Studio Solution File, Format Version 12.00
Project("{FAE04EC0-301F-11D3-BF4B-00C04F79EFBC}") = "BublikHeadBot", "BublikHeadBot.csproj", "{59725E8A-75EC-47A2-8824-EC863E8C8E73}"
EndProject
Global
	GlobalSection(SolutionConfigurationPlatforms) = preSolution
		Debug|Any CPU = Debug|Any CPU
		Release|Any CPU = Release|Any CPU
	EndGlobalSection
	GlobalSection(ProjectConfigurationPlatforms) = postSolution
		{59725E8A-75EC-47A2-8824-EC863E8C8E73}.Debug|Any CPU.ActiveCfg = Debug|Any CPU
		{59725E8A-75EC-47A2-8824-EC863E8C8E73}.Debug|Any CPU.Build.0 = Debug|Any CPU
		{59725E8A-75EC-47A2-8824-EC863E8C8E73}.Release|Any CPU.ActiveCfg = Release|Any CPU
		{59725E8A-75EC-47A2-8824-EC863E8C8E73}.Release|Any CPU.Build.0 = Release|Any CPU
	EndGlobalSection
EndGlobal
